<Solution>
  <Folder Name="/src/">
    <Project Path="src/OroQuizClash.Api/OroQuizClash.Api.csproj" />
    <Project Path="src/OroQuizClash.Application/OroQuizClash.Application.csproj" />
    <Project Path="src/OroQuizClash.Domain/OroQuizClash.Domain.csproj" />
    <Project Path="src/OroQuizClash.Infrastructure/OroQuizClash.Infrastructure.csproj" />
  </Folder>
  <Folder Name="/src/Admin/">
    <Project Path="src/Admin/QuizArena.Admin.Client/QuizArena.Admin.Client.csproj" />
    <Project Path="src/Admin/QuizArena.Admin/QuizArena.Admin.csproj" />
  </Folder>
  <Folder Name="/src/BuildingBlocks/">
    <Project Path="src/BuildingBlocks/BuildingBlocks.CQRS/BuildingBlocks.CQRS.csproj" />
    <Project Path="src/BuildingBlocks/BuildingBlocks.EventBus.RabbitMQ/BuildingBlocks.EventBus.RabbitMQ.csproj" />
    <Project Path="src/BuildingBlocks/BuildingBlocks.EventBus/BuildingBlocks.EventBus.csproj" />
    <Project Path="src/BuildingBlocks/BuildingBlocks.Kernel.Domain/BuildingBlocks.Kernel.Domain.csproj" />
    <Project Path="src/BuildingBlocks/BuildingBlocks.Kernel.Infrastructure/BuildingBlocks.Kernel.Infrastructure.csproj" />
    <Project Path="src/BuildingBlocks/BuildingBlocks.Logger/BuildingBlocks.Logger.csproj" />
    <Project Path="src/BuildingBlocks/BuildingBlocks.ServiceDefaults/BuildingBlocks.ServiceDefaults.csproj" />
  </Folder>
  <Folder Name="/src/Seeder/">
    <Project Path="src/Seeder/OroQuizClash.Seeder/OroQuizClash.Seeder.csproj" />
  </Folder>
  <Folder Name="/tests/">
    <Project Path="tests/OroQuizClash.Api.Tests/OroQuizClash.Api.Tests.csproj" />
    <Project Path="tests/OroQuizClash.Application.Tests/OroQuizClash.Application.Tests.csproj" />
    <Project Path="tests/OroQuizClash.Architecture.Tests/OroQuizClash.Architecture.Tests.csproj" />
    <Project Path="tests/OroQuizClash.Domain.Tests/OroQuizClash.Domain.Tests.csproj" />
    <Project Path="tests/OroQuizClash.Infrastructure.Tests/OroQuizClash.Infrastructure.Tests.csproj" />
    <Project Path="tests/QuizArena.Admin.Tests/QuizArena.Admin.Tests.csproj" />
  </Folder>
  <Project Path="OroQuizClash.AppHost/OroQuizClash.AppHost.csproj" />
</Solution>
